// !$*UTF8*$!
{
	archiveVersion = 1;
	classes = {
	};
	objectVersion = 48;
	objects = {

/* Begin PBXBuildFile section */
		8CBB507D1FD938A800215F36 /* AppDelegate.swift in Sources */ = {isa = PBXBuildFile; fileRef = 8CBB507C1FD938A800215F36 /* AppDelegate.swift */; };
		8CBB507F1FD938A800215F36 /* ViewController.swift in Sources */ = {isa = PBXBuildFile; fileRef = 8CBB507E1FD938A800215F36 /* ViewController.swift */; };
		8CBB50821FD938A800215F36 /* Main.storyboard in Resources */ = {isa = PBXBuildFile; fileRef = 8CBB50801FD938A800215F36 /* Main.storyboard */; };
		8CBB50841FD938A800215F36 /* Assets.xcassets in Resources */ = {isa = PBXBuildFile; fileRef = 8CBB50831FD938A800215F36 /* Assets.xcassets */; };
		8CBB50871FD938A800215F36 /* LaunchScreen.storyboard in Resources */ = {isa = PBXBuildFile; fileRef = 8CBB50851FD938A800215F36 /* LaunchScreen.storyboard */; };
		8CBB50921FD938A800215F36 /* TestGitRepoTests.swift in Sources */ = {isa = PBXBuildFile; fileRef = 8CBB50911FD938A800215F36 /* TestGitRepoTests.swift */; };
		8CBB509D1FD938A800215F36 /* TestGitRepoUITests.swift in Sources */ = {isa = PBXBuildFile; fileRef = 8CBB509C1FD938A800215F36 /* TestGitRepoUITests.swift */; };
/* End PBXBuildFile section */

/* Begin PBXContainerItemProxy section */
		8CBB508E1FD938A800215F36 /* PBXContainerItemProxy */ = {
			isa = PBXContainerItemProxy;
			containerPortal = 8CBB50711FD938A800215F36 /* Project object */;
			proxyType = 1;
			remoteGlobalIDString = 8CBB50781FD938A800215F36;
			remoteInfo = TestGitRepo;
		};
		8CBB50991FD938A800215F36 /* PBXContainerItemProxy */ = {
			isa = PBXContainerItemProxy;
			containerPortal = 8CBB50711FD938A800215F36 /* Project object */;
			proxyType = 1;
			remoteGlobalIDString = 8CBB50781FD938A800215F36;
			remoteInfo = TestGitRepo;
		};
/* End PBXContainerItemProxy section */

/* Begin PBXFileReference section */
		8CBB50791FD938A800215F36 /* TestGitRepo.app */ = {isa = PBXFileReference; explicitFileType = wrapper.application; includeInIndex = 0; path = TestGitRepo.app; sourceTree = BUILT_PRODUCTS_DIR; };
		8CBB507C1FD938A800215F36 /* AppDelegate.swift */ = {isa = PBXFileReference; lastKnownFileType = sourcecode.swift; path = AppDelegate.swift; sourceTree = "<group>"; };
		8CBB507E1FD938A800215F36 /* ViewController.swift */ = {isa = PBXFileReference; lastKnownFileType = sourcecode.swift; path = ViewController.swift; sourceTree = "<group>"; };
		8CBB50811FD938A800215F36 /* Base */ = {isa = PBXFileReference; lastKnownFileType = file.storyboard; name = Base; path = Base.lproj/Main.storyboard; sourceTree = "<group>"; };
		8CBB50831FD938A800215F36 /* Assets.xcassets */ = {isa = PBXFileReference; lastKnownFileType = folder.assetcatalog; path = Assets.xcassets; sourceTree = "<group>"; };
		8CBB50861FD938A800215F36 /* Base */ = {isa = PBXFileReference; lastKnownFileType = file.storyboard; name = Base; path = Base.lproj/LaunchScreen.storyboard; sourceTree = "<group>"; };
		8CBB50881FD938A800215F36 /* Info.plist */ = {isa = PBXFileReference; lastKnownFileType = text.plist.xml; path = Info.plist; sourceTree = "<group>"; };
		8CBB508D1FD938A800215F36 /* TestGitRepoTests.xctest */ = {isa = PBXFileReference; explicitFileType = wrapper.cfbundle; includeInIndex = 0; path = TestGitRepoTests.xctest; sourceTree = BUILT_PRODUCTS_DIR; };
		8CBB50911FD938A800215F36 /* TestGitRepoTests.swift */ = {isa = PBXFileReference; lastKnownFileType = sourcecode.swift; path = TestGitRepoTests.swift; sourceTree = "<group>"; };
		8CBB50931FD938A800215F36 /* Info.plist */ = {isa = PBXFileReference; lastKnownFileType = text.plist.xml; path = Info.plist; sourceTree = "<group>"; };
		8CBB50981FD938A800215F36 /* TestGitRepoUITests.xctest */ = {isa = PBXFileReference; explicitFileType = wrapper.cfbundle; includeInIndex = 0; path = TestGitRepoUITests.xctest; sourceTree = BUILT_PRODUCTS_DIR; };
		8CBB509C1FD938A800215F36 /* TestGitRepoUITests.swift */ = {isa = PBXFileReference; lastKnownFileType = sourcecode.swift; path = TestGitRepoUITests.swift; sourceTree = "<group>"; };
		8CBB509E1FD938A900215F36 /* Info.plist */ = {isa = PBXFileReference; lastKnownFileType = text.plist.xml; path = Info.plist; sourceTree = "<group>"; };
/* End PBXFileReference section */

/* Begin PBXFrameworksBuildPhase section */
		8CBB50761FD938A800215F36 /* Frameworks */ = {
			isa = PBXFrameworksBuildPhase;
			buildActionMask = 2147483647;
			files = (
			);
			runOnlyForDeploymentPostprocessing = 0;
		};
		8CBB508A1FD938A800215F36 /* Frameworks */ = {
			isa = PBXFrameworksBuildPhase;
			buildActionMask = 2147483647;
			files = (
			);
			runOnlyForDeploymentPostprocessing = 0;
		};
		8CBB50951FD938A800215F36 /* Frameworks */ = {
			isa = PBXFrameworksBuildPhase;
			buildActionMask = 2147483647;
			files = (
			);
			runOnlyForDeploymentPostprocessing = 0;
		};
/* End PBXFrameworksBuildPhase section */

/* Begin PBXGroup section */
		8CBB50701FD938A800215F36 = {
			isa = PBXGroup;
			children = (
				8CBB507B1FD938A800215F36 /* TestGitRepo */,
				8CBB50901FD938A800215F36 /* TestGitRepoTests */,
				8CBB509B1FD938A800215F36 /* TestGitRepoUITests */,
				8CBB507A1FD938A800215F36 /* Products */,
			);
			sourceTree = "<group>";
		};
		8CBB507A1FD938A800215F36 /* Products */ = {
			isa = PBXGroup;
			children = (
				8CBB50791FD938A800215F36 /* TestGitRepo.app */,
				8CBB508D1FD938A800215F36 /* TestGitRepoTests.xctest */,
				8CBB50981FD938A800215F36 /* TestGitRepoUITests.xctest */,
			);
			name = Products;
			sourceTree = "<group>";
		};
		8CBB507B1FD938A800215F36 /* TestGitRepo */ = {
			isa = PBXGroup;
			children = (
				8CBB507C1FD938A800215F36 /* AppDelegate.swift */,
				8CBB507E1FD938A800215F36 /* ViewController.swift */,
				8CBB50801FD938A800215F36 /* Main.storyboard */,
				8CBB50831FD938A800215F36 /* Assets.xcassets */,
				8CBB50851FD938A800215F36 /* LaunchScreen.storyboard */,
				8CBB50881FD938A800215F36 /* Info.plist */,
			);
			path = TestGitRepo;
			sourceTree = "<group>";
		};
		8CBB50901FD938A800215F36 /* TestGitRepoTests */ = {
			isa = PBXGroup;
			children = (
				8CBB50911FD938A800215F36 /* TestGitRepoTests.swift */,
				8CBB50931FD938A800215F36 /* Info.plist */,
			);
			path = TestGitRepoTests;
			sourceTree = "<group>";
		};
		8CBB509B1FD938A800215F36 /* TestGitRepoUITests */ = {
			isa = PBXGroup;
			children = (
				8CBB509C1FD938A800215F36 /* TestGitRepoUITests.swift */,
				8CBB509E1FD938A900215F36 /* Info.plist */,
			);
			path = TestGitRepoUITests;
			sourceTree = "<group>";
		};
/* End PBXGroup section */

/* Begin PBXNativeTarget section */
		8CBB50781FD938A800215F36 /* TestGitRepo */ = {
			isa = PBXNativeTarget;
			buildConfigurationList = 8CBB50A11FD938A900215F36 /* Build configuration list for PBXNativeTarget "TestGitRepo" */;
			buildPhases = (
				8CBB50751FD938A800215F36 /* Sources */,
				8CBB50761FD938A800215F36 /* Frameworks */,
				8CBB50771FD938A800215F36 /* Resources */,
			);
			buildRules = (
			);
			dependencies = (
			);
			name = TestGitRepo;
			productName = TestGitRepo;
			productReference = 8CBB50791FD938A800215F36 /* TestGitRepo.app */;
			productType = "com.apple.product-type.application";
		};
		8CBB508C1FD938A800215F36 /* TestGitRepoTests */ = {
			isa = PBXNativeTarget;
			buildConfigurationList = 8CBB50A41FD938A900215F36 /* Build configuration list for PBXNativeTarget "TestGitRepoTests" */;
			buildPhases = (
				8CBB50891FD938A800215F36 /* Sources */,
				8CBB508A1FD938A800215F36 /* Frameworks */,
				8CBB508B1FD938A800215F36 /* Resources */,
			);
			buildRules = (
			);
			dependencies = (
				8CBB508F1FD938A800215F36 /* PBXTargetDependency */,
			);
			name = TestGitRepoTests;
			productName = TestGitRepoTests;
			productReference = 8CBB508D1FD938A800215F36 /* TestGitRepoTests.xctest */;
			productType = "com.apple.product-type.bundle.unit-test";
		};
		8CBB50971FD938A800215F36 /* TestGitRepoUITests */ = {
			isa = PBXNativeTarget;
			buildConfigurationList = 8CBB50A71FD938A900215F36 /* Build configuration list for PBXNativeTarget "TestGitRepoUITests" */;
			buildPhases = (
				8CBB50941FD938A800215F36 /* Sources */,
				8CBB50951FD938A800215F36 /* Frameworks */,
				8CBB50961FD938A800215F36 /* Resources */,
			);
			buildRules = (
			);
			dependencies = (
				8CBB509A1FD938A800215F36 /* PBXTargetDependency */,
			);
			name = TestGitRepoUITests;
			productName = TestGitRepoUITests;
			productReference = 8CBB50981FD938A800215F36 /* TestGitRepoUITests.xctest */;
			productType = "com.apple.product-type.bundle.ui-testing";
		};
/* End PBXNativeTarget section */

/* Begin PBXProject section */
		8CBB50711FD938A800215F36 /* Project object */ = {
			isa = PBXProject;
			attributes = {
				LastSwiftUpdateCheck = 0910;
				LastUpgradeCheck = 0910;
				ORGANIZATIONNAME = "Stefano Poma";
				TargetAttributes = {
					8CBB50781FD938A800215F36 = {
						CreatedOnToolsVersion = 9.1;
						ProvisioningStyle = Automatic;
					};
					8CBB508C1FD938A800215F36 = {
						CreatedOnToolsVersion = 9.1;
						ProvisioningStyle = Automatic;
						TestTargetID = 8CBB50781FD938A800215F36;
					};
					8CBB50971FD938A800215F36 = {
						CreatedOnToolsVersion = 9.1;
						ProvisioningStyle = Automatic;
						TestTargetID = 8CBB50781FD938A800215F36;
					};
				};
			};
			buildConfigurationList = 8CBB50741FD938A800215F36 /* Build configuration list for PBXProject "TestGitRepo" */;
			compatibilityVersion = "Xcode 8.0";
			developmentRegion = en;
			hasScannedForEncodings = 0;
			knownRegions = (
				en,
				Base,
			);
			mainGroup = 8CBB50701FD938A800215F36;
			productRefGroup = 8CBB507A1FD938A800215F36 /* Products */;
			projectDirPath = "";
			projectRoot = "";
			targets = (
				8CBB50781FD938A800215F36 /* TestGitRepo */,
				8CBB508C1FD938A800215F36 /* TestGitRepoTests */,
				8CBB50971FD938A800215F36 /* TestGitRepoUITests */,
			);
		};
/* End PBXProject section */

/* Begin PBXResourcesBuildPhase section */
		8CBB50771FD938A800215F36 /* Resources */ = {
			isa = PBXResourcesBuildPhase;
			buildActionMask = 2147483647;
			files = (
				8CBB50871FD938A800215F36 /* LaunchScreen.storyboard in Resources */,
				8CBB50841FD938A800215F36 /* Assets.xcassets in Resources */,
				8CBB50821FD938A800215F36 /* Main.storyboard in Resources */,
			);
			runOnlyForDeploymentPostprocessing = 0;
		};
		8CBB508B1FD938A800215F36 /* Resources */ = {
			isa = PBXResourcesBuildPhase;
			buildActionMask = 2147483647;
			files = (
			);
			runOnlyForDeploymentPostprocessing = 0;
		};
		8CBB50961FD938A800215F36 /* Resources */ = {
			isa = PBXResourcesBuildPhase;
			buildActionMask = 2147483647;
			files = (
			);
			runOnlyForDeploymentPostprocessing = 0;
		};
/* End PBXResourcesBuildPhase section */

/* Begin PBXSourcesBuildPhase section */
		8CBB50751FD938A800215F36 /* Sources */ = {
			isa = PBXSourcesBuildPhase;
			buildActionMask = 2147483647;
			files = (
				8CBB507F1FD938A800215F36 /* ViewController.swift in Sources */,
				8CBB507D1FD938A800215F36 /* AppDelegate.swift in Sources */,
			);
			runOnlyForDeploymentPostprocessing = 0;
		};
		8CBB50891FD938A800215F36 /* Sources */ = {
			isa = PBXSourcesBuildPhase;
			buildActionMask = 2147483647;
			files = (
				8CBB50921FD938A800215F36 /* TestGitRepoTests.swift in Sources */,
			);
			runOnlyForDeploymentPostprocessing = 0;
		};
		8CBB50941FD938A800215F36 /* Sources */ = {
			isa = PBXSourcesBuildPhase;
			buildActionMask = 2147483647;
			files = (
				8CBB509D1FD938A800215F36 /* TestGitRepoUITests.swift in Sources */,
			);
			runOnlyForDeploymentPostprocessing = 0;
		};
/* End PBXSourcesBuildPhase section */

/* Begin PBXTargetDependency section */
		8CBB508F1FD938A800215F36 /* PBXTargetDependency */ = {
			isa = PBXTargetDependency;
			target = 8CBB50781FD938A800215F36 /* TestGitRepo */;
			targetProxy = 8CBB508E1FD938A800215F36 /* PBXContainerItemProxy */;
		};
		8CBB509A1FD938A800215F36 /* PBXTargetDependency */ = {
			isa = PBXTargetDependency;
			target = 8CBB50781FD938A800215F36 /* TestGitRepo */;
			targetProxy = 8CBB50991FD938A800215F36 /* PBXContainerItemProxy */;
		};
/* End PBXTargetDependency section */

/* Begin PBXVariantGroup section */
		8CBB50801FD938A800215F36 /* Main.storyboard */ = {
			isa = PBXVariantGroup;
			children = (
				8CBB50811FD938A800215F36 /* Base */,
			);
			name = Main.storyboard;
			sourceTree = "<group>";
		};
		8CBB50851FD938A800215F36 /* LaunchScreen.storyboard */ = {
			isa = PBXVariantGroup;
			children = (
				8CBB50861FD938A800215F36 /* Base */,
			);
			name = LaunchScreen.storyboard;
			sourceTree = "<group>";
		};
/* End PBXVariantGroup section */

/* Begin XCBuildConfiguration section */
		8CBB509F1FD938A900215F36 /* Debug */ = {
			isa = XCBuildConfiguration;
			buildSettings = {
				ALWAYS_SEARCH_USER_PATHS = NO;
				CLANG_ANALYZER_NONNULL = YES;
				CLANG_ANALYZER_NUMBER_OBJECT_CONVERSION = YES_AGGRESSIVE;
				CLANG_CXX_LANGUAGE_STANDARD = "gnu++14";
				CLANG_CXX_LIBRARY = "libc++";
				CLANG_ENABLE_MODULES = YES;
				CLANG_ENABLE_OBJC_ARC = YES;
				CLANG_WARN_BLOCK_CAPTURE_AUTORELEASING = YES;
				CLANG_WARN_BOOL_CONVERSION = YES;
				CLANG_WARN_COMMA = YES;
				CLANG_WARN_CONSTANT_CONVERSION = YES;
				CLANG_WARN_DIRECT_OBJC_ISA_USAGE = YES_ERROR;
				CLANG_WARN_DOCUMENTATION_COMMENTS = YES;
				CLANG_WARN_EMPTY_BODY = YES;
				CLANG_WARN_ENUM_CONVERSION = YES;
				CLANG_WARN_INFINITE_RECURSION = YES;
				CLANG_WARN_INT_CONVERSION = YES;
				CLANG_WARN_NON_LITERAL_NULL_CONVERSION = YES;
				CLANG_WARN_OBJC_LITERAL_CONVERSION = YES;
				CLANG_WARN_OBJC_ROOT_CLASS = YES_ERROR;
				CLANG_WARN_RANGE_LOOP_ANALYSIS = YES;
				CLANG_WARN_STRICT_PROTOTYPES = YES;
				CLANG_WARN_SUSPICIOUS_MOVE = YES;
				CLANG_WARN_UNGUARDED_AVAILABILITY = YES_AGGRESSIVE;
				CLANG_WARN_UNREACHABLE_CODE = YES;
				CLANG_WARN__DUPLICATE_METHOD_MATCH = YES;
				CODE_SIGN_IDENTITY = "iPhone Developer";
				COPY_PHASE_STRIP = NO;
				DEBUG_INFORMATION_FORMAT = dwarf;
				ENABLE_STRICT_OBJC_MSGSEND = YES;
				ENABLE_TESTABILITY = YES;
				GCC_C_LANGUAGE_STANDARD = gnu11;
				GCC_DYNAMIC_NO_PIC = NO;
				GCC_NO_COMMON_BLOCKS = YES;
				GCC_OPTIMIZATION_LEVEL = 0;
				GCC_PREPROCESSOR_DEFINITIONS = (
					"DEBUG=1",
					"$(inherited)",
				);
				GCC_WARN_64_TO_32_BIT_CONVERSION = YES;
				GCC_WARN_ABOUT_RETURN_TYPE = YES_ERROR;
				GCC_WARN_UNDECLARED_SELECTOR = YES;
				GCC_WARN_UNINITIALIZED_AUTOS = YES_AGGRESSIVE;
				GCC_WARN_UNUSED_FUNCTION = YES;
				GCC_WARN_UNUSED_VARIABLE = YES;
				IPHONEOS_DEPLOYMENT_TARGET = 11.1;
				MTL_ENABLE_DEBUG_INFO = YES;
				ONLY_ACTIVE_ARCH = YES;
				SDKROOT = iphoneos;
				SWIFT_ACTIVE_COMPILATION_CONDITIONS = DEBUG;
				SWIFT_OPTIMIZATION_LEVEL = "-Onone";
			};
			name = Debug;
		};
		8CBB50A01FD938A900215F36 /* Release */ = {
			isa = XCBuildConfiguration;
			buildSettings = {
				ALWAYS_SEARCH_USER_PATHS = NO;
				CLANG_ANALYZER_NONNULL = YES;
				CLANG_ANALYZER_NUMBER_OBJECT_CONVERSION = YES_AGGRESSIVE;
				CLANG_CXX_LANGUAGE_STANDARD = "gnu++14";
				CLANG_CXX_LIBRARY = "libc++";
				CLANG_ENABLE_MODULES = YES;
				CLANG_ENABLE_OBJC_ARC = YES;
				CLANG_WARN_BLOCK_CAPTURE_AUTORELEASING = YES;
				CLANG_WARN_BOOL_CONVERSION = YES;
				CLANG_WARN_COMMA = YES;
				CLANG_WARN_CONSTANT_CONVERSION = YES;
				CLANG_WARN_DIRECT_OBJC_ISA_USAGE = YES_ERROR;
				CLANG_WARN_DOCUMENTATION_COMMENTS = YES;
				CLANG_WARN_EMPTY_BODY = YES;
				CLANG_WARN_ENUM_CONVERSION = YES;
				CLANG_WARN_INFINITE_RECURSION = YES;
				CLANG_WARN_INT_CONVERSION = YES;
				CLANG_WARN_NON_LITERAL_NULL_CONVERSION = YES;
				CLANG_WARN_OBJC_LITERAL_CONVERSION = YES;
				CLANG_WARN_OBJC_ROOT_CLASS = YES_ERROR;
				CLANG_WARN_RANGE_LOOP_ANALYSIS = YES;
				CLANG_WARN_STRICT_PROTOTYPES = YES;
				CLANG_WARN_SUSPICIOUS_MOVE = YES;
				CLANG_WARN_UNGUARDED_AVAILABILITY = YES_AGGRESSIVE;
				CLANG_WARN_UNREACHABLE_CODE = YES;
				CLANG_WARN__DUPLICATE_METHOD_MATCH = YES;
				CODE_SIGN_IDENTITY = "iPhone Developer";
				COPY_PHASE_STRIP = NO;
				DEBUG_INFORMATION_FORMAT = "dwarf-with-dsym";
				ENABLE_NS_ASSERTIONS = NO;
				ENABLE_STRICT_OBJC_MSGSEND = YES;
				GCC_C_LANGUAGE_STANDARD = gnu11;
				GCC_NO_COMMON_BLOCKS = YES;
				GCC_WARN_64_TO_32_BIT_CONVERSION = YES;
				GCC_WARN_ABOUT_RETURN_TYPE = YES_ERROR;
				GCC_WARN_UNDECLARED_SELECTOR = YES;
				GCC_WARN_UNINITIALIZED_AUTOS = YES_AGGRESSIVE;
				GCC_WARN_UNUSED_FUNCTION = YES;
				GCC_WARN_UNUSED_VARIABLE = YES;
				IPHONEOS_DEPLOYMENT_TARGET = 11.1;
				MTL_ENABLE_DEBUG_INFO = NO;
				SDKROOT = iphoneos;
				SWIFT_OPTIMIZATION_LEVEL = "-Owholemodule";
				VALIDATE_PRODUCT = YES;
			};
			name = Release;
		};
		8CBB50A21FD938A900215F36 /* Debug */ = {
			isa = XCBuildConfiguration;
			buildSettings = {
				ASSETCATALOG_COMPILER_APPICON_NAME = AppIcon;
				CODE_SIGN_STYLE = Automatic;
				DEVELOPMENT_TEAM = 69PGNUCW6S;
				INFOPLIST_FILE = TestGitRepo/Info.plist;
				LD_RUNPATH_SEARCH_PATHS = "$(inherited) @executable_path/Frameworks";
				PRODUCT_BUNDLE_IDENTIFIER = "Stefano-Poma.TestGitRepo";
				PRODUCT_NAME = "$(TARGET_NAME)";
				SWIFT_VERSION = 4.0;
				TARGETED_DEVICE_FAMILY = "1,2";
			};
			name = Debug;
		};
		8CBB50A31FD938A900215F36 /* Release */ = {
			isa = XCBuildConfiguration;
			buildSettings = {
				ASSETCATALOG_COMPILER_APPICON_NAME = AppIcon;
				CODE_SIGN_STYLE = Automatic;
				DEVELOPMENT_TEAM = 69PGNUCW6S;
				INFOPLIST_FILE = TestGitRepo/Info.plist;
				LD_RUNPATH_SEARCH_PATHS = "$(inherited) @executable_path/Frameworks";
				PRODUCT_BUNDLE_IDENTIFIER = "Stefano-Poma.TestGitRepo";
				PRODUCT_NAME = "$(TARGET_NAME)";
				SWIFT_VERSION = 4.0;
				TARGETED_DEVICE_FAMILY = "1,2";
			};
			name = Release;
		};
		8CBB50A51FD938A900215F36 /* Debug */ = {
			isa = XCBuildConfiguration;
			buildSettings = {
				ALWAYS_EMBED_SWIFT_STANDARD_LIBRARIES = YES;
				BUNDLE_LOADER = "$(TEST_HOST)";
				CODE_SIGN_STYLE = Automatic;
				DEVELOPMENT_TEAM = 69PGNUCW6S;
				INFOPLIST_FILE = TestGitRepoTests/Info.plist;
				LD_RUNPATH_SEARCH_PATHS = "$(inherited) @executable_path/Frameworks @loader_path/Frameworks";
				PRODUCT_BUNDLE_IDENTIFIER = "Stefano-Poma.TestGitRepoTests";
				PRODUCT_NAME = "$(TARGET_NAME)";
				SWIFT_VERSION = 4.0;
				TARGETED_DEVICE_FAMILY = "1,2";
				TEST_HOST = "$(BUILT_PRODUCTS_DIR)/TestGitRepo.app/TestGitRepo";
			};
			name = Debug;
		};
		8CBB50A61FD938A900215F36 /* Release */ = {
			isa = XCBuildConfiguration;
			buildSettings = {
				ALWAYS_EMBED_SWIFT_STANDARD_LIBRARIES = YES;
				BUNDLE_LOADER = "$(TEST_HOST)";
				CODE_SIGN_STYLE = Automatic;
				DEVELOPMENT_TEAM = 69PGNUCW6S;
				INFOPLIST_FILE = TestGitRepoTests/Info.plist;
				LD_RUNPATH_SEARCH_PATHS = "$(inherited) @executable_path/Frameworks @loader_path/Frameworks";
				PRODUCT_BUNDLE_IDENTIFIER = "Stefano-Poma.TestGitRepoTests";
				PRODUCT_NAME = "$(TARGET_NAME)";
				SWIFT_VERSION = 4.0;
				TARGETED_DEVICE_FAMILY = "1,2";
				TEST_HOST = "$(BUILT_PRODUCTS_DIR)/TestGitRepo.app/TestGitRepo";
			};
			name = Release;
		};
		8CBB50A81FD938A900215F36 /* Debug */ = {
			isa = XCBuildConfiguration;
			buildSettings = {
				ALWAYS_EMBED_SWIFT_STANDARD_LIBRARIES = YES;
				CODE_SIGN_STYLE = Automatic;
				DEVELOPMENT_TEAM = 69PGNUCW6S;
				INFOPLIST_FILE = TestGitRepoUITests/Info.plist;
				LD_RUNPATH_SEARCH_PATHS = "$(inherited) @executable_path/Frameworks @loader_path/Frameworks";
				PRODUCT_BUNDLE_IDENTIFIER = "Stefano-Poma.TestGitRepoUITests";
				PRODUCT_NAME = "$(TARGET_NAME)";
				SWIFT_VERSION = 4.0;
				TARGETED_DEVICE_FAMILY = "1,2";
				TEST_TARGET_NAME = TestGitRepo;
			};
			name = Debug;
		};
		8CBB50A91FD938A900215F36 /* Release */ = {
			isa = XCBuildConfiguration;
			buildSettings = {
				ALWAYS_EMBED_SWIFT_STANDARD_LIBRARIES = YES;
				CODE_SIGN_STYLE = Automatic;
				DEVELOPMENT_TEAM = 69PGNUCW6S;
				INFOPLIST_FILE = TestGitRepoUITests/Info.plist;
				LD_RUNPATH_SEARCH_PATHS = "$(inherited) @executable_path/Frameworks @loader_path/Frameworks";
				PRODUCT_BUNDLE_IDENTIFIER = "Stefano-Poma.TestGitRepoUITests";
				PRODUCT_NAME = "$(TARGET_NAME)";
				SWIFT_VERSION = 4.0;
				TARGETED_DEVICE_FAMILY = "1,2";
				TEST_TARGET_NAME = TestGitRepo;
			};
			name = Release;
		};
/* End XCBuildConfiguration section */

/* Begin XCConfigurationList section */
		8CBB50741FD938A800215F36 /* Build configuration list for PBXProject "TestGitRepo" */ = {
			isa = XCConfigurationList;
			buildConfigurations = (
				8CBB509F1FD938A900215F36 /* Debug */,
				8CBB50A01FD938A900215F36 /* Release */,
			);
			defaultConfigurationIsVisible = 0;
			defaultConfigurationName = Release;
		};
		8CBB50A11FD938A900215F36 /* Build configuration list for PBXNativeTarget "TestGitRepo" */ = {
			isa = XCConfigurationList;
			buildConfigurations = (
				8CBB50A21FD938A900215F36 /* Debug */,
				8CBB50A31FD938A900215F36 /* Release */,
			);
			defaultConfigurationIsVisible = 0;
			defaultConfigurationName = Release;
		};
		8CBB50A41FD938A900215F36 /* Build configuration list for PBXNativeTarget "TestGitRepoTests" */ = {
			isa = XCConfigurationList;
			buildConfigurations = (
				8CBB50A51FD938A900215F36 /* Debug */,
				8CBB50A61FD938A900215F36 /* Release */,
			);
			defaultConfigurationIsVisible = 0;
			defaultConfigurationName = Release;
		};
		8CBB50A71FD938A900215F36 /* Build configuration list for PBXNativeTarget "TestGitRepoUITests" */ = {
			isa = XCConfigurationList;
			buildConfigurations = (
				8CBB50A81FD938A900215F36 /* Debug */,
				8CBB50A91FD938A900215F36 /* Release */,
			);
			defaultConfigurationIsVisible = 0;
			defaultConfigurationName = Release;
		};
/* End XCConfigurationList section */
	};
	rootObject = 8CBB50711FD938A800215F36 /* Project object */;
}
